// !$*UTF8*$!
{
	archiveVersion = 1;
	classes = {
	};
	objectVersion = 50;
	objects = {

/* Begin PBXBuildFile section */
		940761D12452290700D6D5E5 /* AppDelegate.swift in Sources */ = {isa = PBXBuildFile; fileRef = 940761D02452290700D6D5E5 /* AppDelegate.swift */; };
		940761D52452290900D6D5E5 /* Assets.xcassets in Resources */ = {isa = PBXBuildFile; fileRef = 940761D42452290900D6D5E5 /* Assets.xcassets */; };
		940761DB2452290900D6D5E5 /* Main.storyboard in Resources */ = {isa = PBXBuildFile; fileRef = 940761D92452290900D6D5E5 /* Main.storyboard */; };
		9447E4E52452A82B005CD130 /* Relay.swift in Sources */ = {isa = PBXBuildFile; fileRef = 9447E4E42452A82B005CD130 /* Relay.swift */; };
		9447E4F124533333005CD130 /* gnirehtet.apk in Resources */ = {isa = PBXBuildFile; fileRef = 9447E4EC2452AFD5005CD130 /* gnirehtet.apk */; };
		9447E4FA24533D96005CD130 /* gnirehtet in Resources */ = {isa = PBXBuildFile; fileRef = 9447E4F924533D96005CD130 /* gnirehtet */; };
		94669F322453C6ED00315E16 /* USBWatcher.swift in Sources */ = {isa = PBXBuildFile; fileRef = 94669F312453C6ED00315E16 /* USBWatcher.swift */; };
		94BBA3CD24539A3D002CD5E8 /* MenuBarExtra.swift in Sources */ = {isa = PBXBuildFile; fileRef = 94BBA3CC24539A3D002CD5E8 /* MenuBarExtra.swift */; };
		94BBA3CF2453A1DE002CD5E8 /* adb in Resources */ = {isa = PBXBuildFile; fileRef = 94BBA3CE2453A1DE002CD5E8 /* adb */; };
		94E4094B2453B335004FF81D /* ADB.swift in Sources */ = {isa = PBXBuildFile; fileRef = 94E4094A2453B335004FF81D /* ADB.swift */; };
		94E4094D2453BF44004FF81D /* Gnirehtet.swift in Sources */ = {isa = PBXBuildFile; fileRef = 94E4094C2453BF44004FF81D /* Gnirehtet.swift */; };
/* End PBXBuildFile section */

/* Begin PBXFileReference section */
		940761CD2452290700D6D5E5 /* Gnirehtet.app */ = {isa = PBXFileReference; explicitFileType = wrapper.application; includeInIndex = 0; path = Gnirehtet.app; sourceTree = BUILT_PRODUCTS_DIR; };
		940761D02452290700D6D5E5 /* AppDelegate.swift */ = {isa = PBXFileReference; lastKnownFileType = sourcecode.swift; path = AppDelegate.swift; sourceTree = "<group>"; };
		940761D42452290900D6D5E5 /* Assets.xcassets */ = {isa = PBXFileReference; lastKnownFileType = folder.assetcatalog; path = Assets.xcassets; sourceTree = "<group>"; };
		940761DA2452290900D6D5E5 /* Base */ = {isa = PBXFileReference; lastKnownFileType = file.storyboard; name = Base; path = Base.lproj/Main.storyboard; sourceTree = "<group>"; };
		940761DC2452290900D6D5E5 /* Info.plist */ = {isa = PBXFileReference; lastKnownFileType = text.plist.xml; path = Info.plist; sourceTree = "<group>"; };
		940761DD2452290900D6D5E5 /* Gnirehtet.entitlements */ = {isa = PBXFileReference; lastKnownFileType = text.plist.entitlements; path = Gnirehtet.entitlements; sourceTree = "<group>"; };
		9447E4E42452A82B005CD130 /* Relay.swift */ = {isa = PBXFileReference; lastKnownFileType = sourcecode.swift; path = Relay.swift; sourceTree = "<group>"; };
		9447E4EC2452AFD5005CD130 /* gnirehtet.apk */ = {isa = PBXFileReference; lastKnownFileType = file; path = gnirehtet.apk; sourceTree = "<group>"; };
		9447E4F924533D96005CD130 /* gnirehtet */ = {isa = PBXFileReference; lastKnownFileType = "compiled.mach-o.executable"; path = gnirehtet; sourceTree = "<group>"; };
		94669F312453C6ED00315E16 /* USBWatcher.swift */ = {isa = PBXFileReference; lastKnownFileType = sourcecode.swift; path = USBWatcher.swift; sourceTree = "<group>"; };
		94BBA3CC24539A3D002CD5E8 /* MenuBarExtra.swift */ = {isa = PBXFileReference; lastKnownFileType = sourcecode.swift; path = MenuBarExtra.swift; sourceTree = "<group>"; };
		94BBA3CE2453A1DE002CD5E8 /* adb */ = {isa = PBXFileReference; lastKnownFileType = "compiled.mach-o.executable"; path = adb; sourceTree = "<group>"; };
		94E4094A2453B335004FF81D /* ADB.swift */ = {isa = PBXFileReference; lastKnownFileType = sourcecode.swift; path = ADB.swift; sourceTree = "<group>"; };
		94E4094C2453BF44004FF81D /* Gnirehtet.swift */ = {isa = PBXFileReference; lastKnownFileType = sourcecode.swift; path = Gnirehtet.swift; sourceTree = "<group>"; };
/* End PBXFileReference section */

/* Begin PBXFrameworksBuildPhase section */
		940761CA2452290600D6D5E5 /* Frameworks */ = {
			isa = PBXFrameworksBuildPhase;
			buildActionMask = 2147483647;
			files = (
			);
			runOnlyForDeploymentPostprocessing = 0;
		};
/* End PBXFrameworksBuildPhase section */

/* Begin PBXGroup section */
		940761C42452290600D6D5E5 = {
			isa = PBXGroup;
			children = (
				940761CF2452290700D6D5E5 /* Gnirehtet */,
				940761CE2452290700D6D5E5 /* Products */,
			);
			sourceTree = "<group>";
		};
		940761CE2452290700D6D5E5 /* Products */ = {
			isa = PBXGroup;
			children = (
				940761CD2452290700D6D5E5 /* Gnirehtet.app */,
			);
			name = Products;
			sourceTree = "<group>";
		};
		940761CF2452290700D6D5E5 /* Gnirehtet */ = {
			isa = PBXGroup;
			children = (
				940761D02452290700D6D5E5 /* AppDelegate.swift */,
				94E4094C2453BF44004FF81D /* Gnirehtet.swift */,
				940761D42452290900D6D5E5 /* Assets.xcassets */,
				940761D92452290900D6D5E5 /* Main.storyboard */,
				940761DC2452290900D6D5E5 /* Info.plist */,
				940761DD2452290900D6D5E5 /* Gnirehtet.entitlements */,
				94E4094E2453BFE5004FF81D /* Modules */,
				9447E4E62452AEBE005CD130 /* Resources */,
			);
			path = Gnirehtet;
			sourceTree = "<group>";
		};
		9447E4E62452AEBE005CD130 /* Resources */ = {
			isa = PBXGroup;
			children = (
				94BBA3CE2453A1DE002CD5E8 /* adb */,
				9447E4F924533D96005CD130 /* gnirehtet */,
				9447E4EC2452AFD5005CD130 /* gnirehtet.apk */,
			);
			path = Resources;
			sourceTree = "<group>";
		};
		94E4094E2453BFE5004FF81D /* Modules */ = {
			isa = PBXGroup;
			children = (
				94E4094A2453B335004FF81D /* ADB.swift */,
				94BBA3CC24539A3D002CD5E8 /* MenuBarExtra.swift */,
				9447E4E42452A82B005CD130 /* Relay.swift */,
				94669F312453C6ED00315E16 /* USBWatcher.swift */,
			);
			path = Modules;
			sourceTree = "<group>";
		};
/* End PBXGroup section */

/* Begin PBXNativeTarget section */
		940761CC2452290600D6D5E5 /* Gnirehtet */ = {
			isa = PBXNativeTarget;
			buildConfigurationList = 940761E02452290900D6D5E5 /* Build configuration list for PBXNativeTarget "Gnirehtet" */;
			buildPhases = (
				940761C92452290600D6D5E5 /* Sources */,
				940761CA2452290600D6D5E5 /* Frameworks */,
				940761CB2452290600D6D5E5 /* Resources */,
			);
			buildRules = (
			);
			dependencies = (
			);
			name = Gnirehtet;
			productName = Gnirehtet;
			productReference = 940761CD2452290700D6D5E5 /* Gnirehtet.app */;
			productType = "com.apple.product-type.application";
		};
/* End PBXNativeTarget section */

/* Begin PBXProject section */
		940761C52452290600D6D5E5 /* Project object */ = {
			isa = PBXProject;
			attributes = {
				LastSwiftUpdateCheck = 1140;
				LastUpgradeCheck = 1140;
				ORGANIZATIONNAME = "Ryan Wirth";
				TargetAttributes = {
					940761CC2452290600D6D5E5 = {
						CreatedOnToolsVersion = 11.4.1;
					};
				};
			};
			buildConfigurationList = 940761C82452290600D6D5E5 /* Build configuration list for PBXProject "Gnirehtet" */;
			compatibilityVersion = "Xcode 9.3";
			developmentRegion = en;
			hasScannedForEncodings = 0;
			knownRegions = (
				en,
				Base,
			);
			mainGroup = 940761C42452290600D6D5E5;
			productRefGroup = 940761CE2452290700D6D5E5 /* Products */;
			projectDirPath = "";
			projectRoot = "";
			targets = (
				940761CC2452290600D6D5E5 /* Gnirehtet */,
			);
		};
/* End PBXProject section */

/* Begin PBXResourcesBuildPhase section */
		940761CB2452290600D6D5E5 /* Resources */ = {
			isa = PBXResourcesBuildPhase;
			buildActionMask = 2147483647;
			files = (
				94BBA3CF2453A1DE002CD5E8 /* adb in Resources */,
				9447E4F124533333005CD130 /* gnirehtet.apk in Resources */,
				940761DB2452290900D6D5E5 /* Main.storyboard in Resources */,
				940761D52452290900D6D5E5 /* Assets.xcassets in Resources */,
				9447E4FA24533D96005CD130 /* gnirehtet in Resources */,
			);
			runOnlyForDeploymentPostprocessing = 0;
		};
/* End PBXResourcesBuildPhase section */

/* Begin PBXSourcesBuildPhase section */
		940761C92452290600D6D5E5 /* Sources */ = {
			isa = PBXSourcesBuildPhase;
			buildActionMask = 2147483647;
			files = (
				94BBA3CD24539A3D002CD5E8 /* MenuBarExtra.swift in Sources */,
				94E4094D2453BF44004FF81D /* Gnirehtet.swift in Sources */,
				940761D12452290700D6D5E5 /* AppDelegate.swift in Sources */,
				94669F322453C6ED00315E16 /* USBWatcher.swift in Sources */,
				9447E4E52452A82B005CD130 /* Relay.swift in Sources */,
				94E4094B2453B335004FF81D /* ADB.swift in Sources */,
			);
			runOnlyForDeploymentPostprocessing = 0;
		};
/* End PBXSourcesBuildPhase section */

/* Begin PBXVariantGroup section */
		940761D92452290900D6D5E5 /* Main.storyboard */ = {
			isa = PBXVariantGroup;
			children = (
				940761DA2452290900D6D5E5 /* Base */,
			);
			name = Main.storyboard;
			sourceTree = "<group>";
		};
/* End PBXVariantGroup section */

/* Begin XCBuildConfiguration section */
		940761DE2452290900D6D5E5 /* Debug */ = {
			isa = XCBuildConfiguration;
			buildSettings = {
				ALWAYS_SEARCH_USER_PATHS = NO;
				CLANG_ANALYZER_NONNULL = YES;
				CLANG_ANALYZER_NUMBER_OBJECT_CONVERSION = YES_AGGRESSIVE;
				CLANG_CXX_LANGUAGE_STANDARD = "gnu++14";
				CLANG_CXX_LIBRARY = "libc++";
				CLANG_ENABLE_MODULES = YES;
				CLANG_ENABLE_OBJC_ARC = YES;
				CLANG_ENABLE_OBJC_WEAK = YES;
				CLANG_WARN_BLOCK_CAPTURE_AUTORELEASING = YES;
				CLANG_WARN_BOOL_CONVERSION = YES;
				CLANG_WARN_COMMA = YES;
				CLANG_WARN_CONSTANT_CONVERSION = YES;
				CLANG_WARN_DEPRECATED_OBJC_IMPLEMENTATIONS = YES;
				CLANG_WARN_DIRECT_OBJC_ISA_USAGE = YES_ERROR;
				CLANG_WARN_DOCUMENTATION_COMMENTS = YES;
				CLANG_WARN_EMPTY_BODY = YES;
				CLANG_WARN_ENUM_CONVERSION = YES;
				CLANG_WARN_INFINITE_RECURSION = YES;
				CLANG_WARN_INT_CONVERSION = YES;
				CLANG_WARN_NON_LITERAL_NULL_CONVERSION = YES;
				CLANG_WARN_OBJC_IMPLICIT_RETAIN_SELF = YES;
				CLANG_WARN_OBJC_LITERAL_CONVERSION = YES;
				CLANG_WARN_OBJC_ROOT_CLASS = YES_ERROR;
				CLANG_WARN_RANGE_LOOP_ANALYSIS = YES;
				CLANG_WARN_STRICT_PROTOTYPES = YES;
				CLANG_WARN_SUSPICIOUS_MOVE = YES;
				CLANG_WARN_UNGUARDED_AVAILABILITY = YES_AGGRESSIVE;
				CLANG_WARN_UNREACHABLE_CODE = YES;
				CLANG_WARN__DUPLICATE_METHOD_MATCH = YES;
				COPY_PHASE_STRIP = NO;
				DEBUG_INFORMATION_FORMAT = dwarf;
				ENABLE_STRICT_OBJC_MSGSEND = YES;
				ENABLE_TESTABILITY = YES;
				GCC_C_LANGUAGE_STANDARD = gnu11;
				GCC_DYNAMIC_NO_PIC = NO;
				GCC_NO_COMMON_BLOCKS = YES;
				GCC_OPTIMIZATION_LEVEL = 0;
				GCC_PREPROCESSOR_DEFINITIONS = (
					"DEBUG=1",
					"$(inherited)",
				);
				GCC_WARN_64_TO_32_BIT_CONVERSION = YES;
				GCC_WARN_ABOUT_RETURN_TYPE = YES_ERROR;
				GCC_WARN_UNDECLARED_SELECTOR = YES;
				GCC_WARN_UNINITIALIZED_AUTOS = YES_AGGRESSIVE;
				GCC_WARN_UNUSED_FUNCTION = YES;
				GCC_WARN_UNUSED_VARIABLE = YES;
				MACOSX_DEPLOYMENT_TARGET = 10.15;
				MTL_ENABLE_DEBUG_INFO = INCLUDE_SOURCE;
				MTL_FAST_MATH = YES;
				ONLY_ACTIVE_ARCH = YES;
				SDKROOT = macosx;
				SWIFT_ACTIVE_COMPILATION_CONDITIONS = DEBUG;
				SWIFT_OPTIMIZATION_LEVEL = "-Onone";
			};
			name = Debug;
		};
		940761DF2452290900D6D5E5 /* Release */ = {
			isa = XCBuildConfiguration;
			buildSettings = {
				ALWAYS_SEARCH_USER_PATHS = NO;
				CLANG_ANALYZER_NONNULL = YES;
				CLANG_ANALYZER_NUMBER_OBJECT_CONVERSION = YES_AGGRESSIVE;
				CLANG_CXX_LANGUAGE_STANDARD = "gnu++14";
				CLANG_CXX_LIBRARY = "libc++";
				CLANG_ENABLE_MODULES = YES;
				CLANG_ENABLE_OBJC_ARC = YES;
				CLANG_ENABLE_OBJC_WEAK = YES;
				CLANG_WARN_BLOCK_CAPTURE_AUTORELEASING = YES;
				CLANG_WARN_BOOL_CONVERSION = YES;
				CLANG_WARN_COMMA = YES;
				CLANG_WARN_CONSTANT_CONVERSION = YES;
				CLANG_WARN_DEPRECATED_OBJC_IMPLEMENTATIONS = YES;
				CLANG_WARN_DIRECT_OBJC_ISA_USAGE = YES_ERROR;
				CLANG_WARN_DOCUMENTATION_COMMENTS = YES;
				CLANG_WARN_EMPTY_BODY = YES;
				CLANG_WARN_ENUM_CONVERSION = YES;
				CLANG_WARN_INFINITE_RECURSION = YES;
				CLANG_WARN_INT_CONVERSION = YES;
				CLANG_WARN_NON_LITERAL_NULL_CONVERSION = YES;
				CLANG_WARN_OBJC_IMPLICIT_RETAIN_SELF = YES;
				CLANG_WARN_OBJC_LITERAL_CONVERSION = YES;
				CLANG_WARN_OBJC_ROOT_CLASS = YES_ERROR;
				CLANG_WARN_RANGE_LOOP_ANALYSIS = YES;
				CLANG_WARN_STRICT_PROTOTYPES = YES;
				CLANG_WARN_SUSPICIOUS_MOVE = YES;
				CLANG_WARN_UNGUARDED_AVAILABILITY = YES_AGGRESSIVE;
				CLANG_WARN_UNREACHABLE_CODE = YES;
				CLANG_WARN__DUPLICATE_METHOD_MATCH = YES;
				COPY_PHASE_STRIP = NO;
				DEBUG_INFORMATION_FORMAT = "dwarf-with-dsym";
				ENABLE_NS_ASSERTIONS = NO;
				ENABLE_STRICT_OBJC_MSGSEND = YES;
				GCC_C_LANGUAGE_STANDARD = gnu11;
				GCC_NO_COMMON_BLOCKS = YES;
				GCC_WARN_64_TO_32_BIT_CONVERSION = YES;
				GCC_WARN_ABOUT_RETURN_TYPE = YES_ERROR;
				GCC_WARN_UNDECLARED_SELECTOR = YES;
				GCC_WARN_UNINITIALIZED_AUTOS = YES_AGGRESSIVE;
				GCC_WARN_UNUSED_FUNCTION = YES;
				GCC_WARN_UNUSED_VARIABLE = YES;
				MACOSX_DEPLOYMENT_TARGET = 10.15;
				MTL_ENABLE_DEBUG_INFO = NO;
				MTL_FAST_MATH = YES;
				SDKROOT = macosx;
				SWIFT_COMPILATION_MODE = wholemodule;
				SWIFT_OPTIMIZATION_LEVEL = "-O";
			};
			name = Release;
		};
		940761E12452290900D6D5E5 /* Debug */ = {
			isa = XCBuildConfiguration;
			buildSettings = {
				ASSETCATALOG_COMPILER_APPICON_NAME = AppIcon;
				CODE_SIGN_ENTITLEMENTS = Gnirehtet/Gnirehtet.entitlements;
				CODE_SIGN_STYLE = Automatic;
				COMBINE_HIDPI_IMAGES = YES;
				DEVELOPMENT_ASSET_PATHS = "";
				ENABLE_PREVIEWS = YES;
				INFOPLIST_FILE = Gnirehtet/Info.plist;
				LD_RUNPATH_SEARCH_PATHS = (
					"$(inherited)",
					"@executable_path/../Frameworks",
				);
				MACOSX_DEPLOYMENT_TARGET = 10.15;
				PRODUCT_BUNDLE_IDENTIFIER = ca.ryanwirth.Gnirehtet;
				PRODUCT_NAME = "$(TARGET_NAME)";
				SWIFT_VERSION = 5.0;
			};
			name = Debug;
		};
		940761E22452290900D6D5E5 /* Release */ = {
			isa = XCBuildConfiguration;
			buildSettings = {
				ASSETCATALOG_COMPILER_APPICON_NAME = AppIcon;
				CODE_SIGN_ENTITLEMENTS = Gnirehtet/GnirehtetRelease.entitlements;
				CODE_SIGN_STYLE = Automatic;
				COMBINE_HIDPI_IMAGES = YES;
				DEVELOPMENT_ASSET_PATHS = "";
				ENABLE_PREVIEWS = YES;
				INFOPLIST_FILE = Gnirehtet/Info.plist;
				LD_RUNPATH_SEARCH_PATHS = (
					"$(inherited)",
					"@executable_path/../Frameworks",
				);
				MACOSX_DEPLOYMENT_TARGET = 10.15;
				PRODUCT_BUNDLE_IDENTIFIER = ca.ryanwirth.Gnirehtet;
				PRODUCT_NAME = "$(TARGET_NAME)";
				SWIFT_VERSION = 5.0;
			};
			name = Release;
		};
/* End XCBuildConfiguration section */

/* Begin XCConfigurationList section */
		940761C82452290600D6D5E5 /* Build configuration list for PBXProject "Gnirehtet" */ = {
			isa = XCConfigurationList;
			buildConfigurations = (
				940761DE2452290900D6D5E5 /* Debug */,
				940761DF2452290900D6D5E5 /* Release */,
			);
			defaultConfigurationIsVisible = 0;
			defaultConfigurationName = Release;
		};
		940761E02452290900D6D5E5 /* Build configuration list for PBXNativeTarget "Gnirehtet" */ = {
			isa = XCConfigurationList;
			buildConfigurations = (
				940761E12452290900D6D5E5 /* Debug */,
				940761E22452290900D6D5E5 /* Release */,
			);
			defaultConfigurationIsVisible = 0;
			defaultConfigurationName = Release;
		};
/* End XCConfigurationList section */
	};
	rootObject = 940761C52452290600D6D5E5 /* Project object */;
}
